<?xml version="1.0" encoding="utf-8"?>
<Project ToolsVersion="4.0" xmlns="http://schemas.microsoft.com/developer/msbuild/2003">
  <ItemGroup>
    <Filter Include="Source Files">
      <UniqueIdentifier>{4FC737F1-C7A5-4376-A066-2A32D752A2FF}</UniqueIdentifier>
      <Extensions>cpp;c;cc;cxx;c++;def;odl;idl;hpj;bat;asm;asmx</Extensions>
    </Filter>
    <Filter Include="Source Files\utility">
      <UniqueIdentifier>{eb152370-3be8-481a-967a-168df1d99add}</UniqueIdentifier>
    </Filter>
    <Filter Include="Source Files\algorithms">
      <UniqueIdentifier>{c20323a5-eee0-433b-9fc3-7040feab12fd}</UniqueIdentifier>
    </Filter>
  </ItemGroup>
  <ItemGroup>
    <ClCompile Include="main.cpp">
      <Filter>Source Files</Filter>
    </ClCompile>
    <ClCompile Include="algorithms\bubble.cpp">
      <Filter>Source Files\algorithms</Filter>
    </ClCompile>
  </ItemGroup>
  <ItemGroup>
    <ClInclude Include="utility\testcase.h">
      <Filter>Source Files\utility</Filter>
    </ClInclude>
    <ClInclude Include="utility\testrunner.h">
      <Filter>Source Files\utility</Filter>
    </ClInclude>
    <ClInclude Include="utility\io.h">
      <Filter>Source Files\utility</Filter>
    </ClInclude>
    <ClInclude Include="algorithms\bubble.h">
      <Filter>Source Files\algorithms</Filter>
    </ClInclude>
  </ItemGroup>
</Project>